
Microsoft Visual Studio Solution File, Format Version 12.00
# Visual Studio 15
VisualStudioVersion = 15.0.28307.572
MinimumVisualStudioVersion = 10.0.40219.1
Project("{9A19103F-16F7-4668-BE54-9A1E7A4F7556}") = "MobileSample", "MobileSample\MobileSample.csproj", "{ED0F45E6-7055-4846-A81E-BA56CF3851E9}"
EndProject
Project("{FAE04EC0-301F-11D3-BF4B-00C04F79EFBC}") = "MobileSample.Android", "MobileSample.Android\MobileSample.Android.csproj", "{24CE3C36-16B9-426D-AA0C-5961ECF8D88C}"
EndProject
Project("{FAE04EC0-301F-11D3-BF4B-00C04F79EFBC}") = "MobileSample.iOS", "MobileSample.iOS\MobileSample.iOS.csproj", "{4FCCA9DC-AF6B-43C4-B0CF-571EB539D688}"
EndProject
Project("{2150E333-8FDC-42A3-9474-1A3956D46DE8}") = "Solution Items", "Solution Items", "{7305CFCC-C739-47C0-B13A-7FD085184438}"
	ProjectSection(SolutionItems) = preProject
		LICENSE = LICENSE
		README.md = README.md
	EndProjectSection
EndProject
Global
	GlobalSection(SolutionConfigurationPlatforms) = preSolution
		Debug|Any CPU = Debug|Any CPU
		Debug|iPhone = Debug|iPhone
		Debug|iPhoneSimulator = Debug|iPhoneSimulator
		Release|Any CPU = Release|Any CPU
		Release|iPhone = Release|iPhone
		Release|iPhoneSimulator = Release|iPhoneSimulator
	EndGlobalSection
	GlobalSection(ProjectConfigurationPlatforms) = postSolution
		{ED0F45E6-7055-4846-A81E-BA56CF3851E9}.Debug|Any CPU.ActiveCfg = Debug|Any CPU
		{ED0F45E6-7055-4846-A81E-BA56CF3851E9}.Debug|Any CPU.Build.0 = Debug|Any CPU
		{ED0F45E6-7055-4846-A81E-BA56CF3851E9}.Debug|iPhone.ActiveCfg = Debug|Any CPU
		{ED0F45E6-7055-4846-A81E-BA56CF3851E9}.Debug|iPhone.Build.0 = Debug|Any CPU
		{ED0F45E6-7055-4846-A81E-BA56CF3851E9}.Debug|iPhoneSimulator.ActiveCfg = Debug|Any CPU
		{ED0F45E6-7055-4846-A81E-BA56CF3851E9}.Debug|iPhoneSimulator.Build.0 = Debug|Any CPU
		{ED0F45E6-7055-4846-A81E-BA56CF3851E9}.Release|Any CPU.ActiveCfg = Release|Any CPU
		{ED0F45E6-7055-4846-A81E-BA56CF3851E9}.Release|Any CPU.Build.0 = Release|Any CPU
		{ED0F45E6-7055-4846-A81E-BA56CF3851E9}.Release|iPhone.ActiveCfg = Release|Any CPU
		{ED0F45E6-7055-4846-A81E-BA56CF3851E9}.Release|iPhone.Build.0 = Release|Any CPU
		{ED0F45E6-7055-4846-A81E-BA56CF3851E9}.Release|iPhoneSimulator.ActiveCfg = Release|Any CPU
		{ED0F45E6-7055-4846-A81E-BA56CF3851E9}.Release|iPhoneSimulator.Build.0 = Release|Any CPU
		{24CE3C36-16B9-426D-AA0C-5961ECF8D88C}.Debug|Any CPU.ActiveCfg = Debug|Any CPU
		{24CE3C36-16B9-426D-AA0C-5961ECF8D88C}.Debug|Any CPU.Build.0 = Debug|Any CPU
		{24CE3C36-16B9-426D-AA0C-5961ECF8D88C}.Debug|Any CPU.Deploy.0 = Debug|Any CPU
		{24CE3C36-16B9-426D-AA0C-5961ECF8D88C}.Debug|iPhone.ActiveCfg = Debug|Any CPU
		{24CE3C36-16B9-426D-AA0C-5961ECF8D88C}.Debug|iPhone.Build.0 = Debug|Any CPU
		{24CE3C36-16B9-426D-AA0C-5961ECF8D88C}.Debug|iPhone.Deploy.0 = Debug|Any CPU
		{24CE3C36-16B9-426D-AA0C-5961ECF8D88C}.Debug|iPhoneSimulator.ActiveCfg = Debug|Any CPU
		{24CE3C36-16B9-426D-AA0C-5961ECF8D88C}.Debug|iPhoneSimulator.Build.0 = Debug|Any CPU
		{24CE3C36-16B9-426D-AA0C-5961ECF8D88C}.Debug|iPhoneSimulator.Deploy.0 = Debug|Any CPU
		{24CE3C36-16B9-426D-AA0C-5961ECF8D88C}.Release|Any CPU.ActiveCfg = Release|Any CPU
		{24CE3C36-16B9-426D-AA0C-5961ECF8D88C}.Release|Any CPU.Build.0 = Release|Any CPU
		{24CE3C36-16B9-426D-AA0C-5961ECF8D88C}.Release|Any CPU.Deploy.0 = Release|Any CPU
		{24CE3C36-16B9-426D-AA0C-5961ECF8D88C}.Release|iPhone.ActiveCfg = Release|Any CPU
		{24CE3C36-16B9-426D-AA0C-5961ECF8D88C}.Release|iPhone.Build.0 = Release|Any CPU
		{24CE3C36-16B9-426D-AA0C-5961ECF8D88C}.Release|iPhone.Deploy.0 = Release|Any CPU
		{24CE3C36-16B9-426D-AA0C-5961ECF8D88C}.Release|iPhoneSimulator.ActiveCfg = Release|Any CPU
		{24CE3C36-16B9-426D-AA0C-5961ECF8D88C}.Release|iPhoneSimulator.Build.0 = Release|Any CPU
		{24CE3C36-16B9-426D-AA0C-5961ECF8D88C}.Release|iPhoneSimulator.Deploy.0 = Release|Any CPU
		{4FCCA9DC-AF6B-43C4-B0CF-571EB539D688}.Debug|Any CPU.ActiveCfg = Debug|iPhone
		{4FCCA9DC-AF6B-43C4-B0CF-571EB539D688}.Debug|iPhone.ActiveCfg = Debug|iPhone
		{4FCCA9DC-AF6B-43C4-B0CF-571EB539D688}.Debug|iPhone.Build.0 = Debug|iPhone
		{4FCCA9DC-AF6B-43C4-B0CF-571EB539D688}.Debug|iPhoneSimulator.ActiveCfg = Debug|iPhoneSimulator
		{4FCCA9DC-AF6B-43C4-B0CF-571EB539D688}.Debug|iPhoneSimulator.Build.0 = Debug|iPhoneSimulator
		{4FCCA9DC-AF6B-43C4-B0CF-571EB539D688}.Release|Any CPU.ActiveCfg = Release|iPhone
		{4FCCA9DC-AF6B-43C4-B0CF-571EB539D688}.Release|iPhone.ActiveCfg = Release|iPhone
		{4FCCA9DC-AF6B-43C4-B0CF-571EB539D688}.Release|iPhone.Build.0 = Release|iPhone
		{4FCCA9DC-AF6B-43C4-B0CF-571EB539D688}.Release|iPhoneSimulator.ActiveCfg = Release|iPhoneSimulator
		{4FCCA9DC-AF6B-43C4-B0CF-571EB539D688}.Release|iPhoneSimulator.Build.0 = Release|iPhoneSimulator
	EndGlobalSection
	GlobalSection(SolutionProperties) = preSolution
		HideSolutionNode = FALSE
	EndGlobalSection
	GlobalSection(ExtensibilityGlobals) = postSolution
		SolutionGuid = {97D6089C-ECF1-43E6-BE2A-F8891C338884}
	EndGlobalSection
EndGlobal
